{
  "lockfile_version": "1",
  "packages": {
    "actionlint@latest": {
      "last_modified": "2023-09-19T14:14:51Z",
      "resolved": "github:NixOS/nixpkgs/8b5ab8341e33322e5b66fb46ce23d724050f6606#actionlint",
      "source": "devbox-search",
      "version": "1.6.25"
    },
    "shellcheck@latest": {
      "last_modified": "2023-09-19T14:14:51Z",
      "resolved": "github:NixOS/nixpkgs/8b5ab8341e33322e5b66fb46ce23d724050f6606#shellcheck",
      "source": "devbox-search",
      "version": "0.9.0"
    },
    "shfmt@latest": {
      "last_modified": "2023-09-19T14:14:51Z",
      "resolved": "github:NixOS/nixpkgs/8b5ab8341e33322e5b66fb46ce23d724050f6606#shfmt",
      "source": "devbox-search",
      "version": "3.7.0"
    }
  }
}
